{
  "version": 4,
  "terraform_version": "0.13.5",
  "serial": 11,
  "lineage": "5f605b54-1bb9-e841-e4b1-0c270c2de33a",
  "outputs": {
    "host": {
      "value": "34.121.136.238",
      "type": "string"
    }
  },
  "resources": [
    {
      "mode": "managed",
      "type": "google_container_cluster",
      "name": "cluster",
      "provider": "provider[\"registry.terraform.io/hashicorp/google\"]",
      "instances": [
        {
          "schema_version": 1,
          "attributes": {
            "addons_config": [
              {
                "cloudrun_config": [],
                "horizontal_pod_autoscaling": [],
                "http_load_balancing": [
                  {
                    "disabled": false
                  }
                ],
                "network_policy_config": [
                  {
                    "disabled": true
                  }
                ]
              }
            ],
            "authenticator_groups_config": [],
            "cluster_autoscaling": [
              {
                "auto_provisioning_defaults": [],
                "enabled": false,
                "resource_limits": []
              }
            ],
            "cluster_ipv4_cidr": "10.8.0.0/14",
            "database_encryption": [
              {
                "key_name": "",
                "state": "DECRYPTED"
              }
            ],
            "default_max_pods_per_node": null,
            "description": "",
            "enable_binary_authorization": false,
            "enable_intranode_visibility": null,
            "enable_kubernetes_alpha": false,
            "enable_legacy_abac": false,
            "enable_shielded_nodes": false,
            "enable_tpu": null,
            "endpoint": "34.121.136.238",
            "id": "projects/silken-network-252121/locations/us-central1/clusters/rlt-test-k8s",
            "initial_node_count": 0,
            "instance_group_urls": [
              "https://www.googleapis.com/compute/v1/projects/silken-network-252121/zones/us-central1-a/instanceGroups/gke-rlt-test-k8s-default-pool-fb91f768-grp",
              "https://www.googleapis.com/compute/v1/projects/silken-network-252121/zones/us-central1-b/instanceGroups/gke-rlt-test-k8s-default-pool-5def4d04-grp",
              "https://www.googleapis.com/compute/v1/projects/silken-network-252121/zones/us-central1-f/instanceGroups/gke-rlt-test-k8s-default-pool-4a135a16-grp"
            ],
            "ip_allocation_policy": [],
            "label_fingerprint": "a9dc16a7",
            "location": "us-central1",
            "logging_service": "logging.googleapis.com/kubernetes",
            "maintenance_policy": [],
            "master_auth": [
              {
                "client_certificate": "",
                "client_certificate_config": [
                  {
                    "issue_client_certificate": false
                  }
                ],
                "client_key": "",
                "cluster_ca_certificate": "LS0tLS1CRUdJTiBDRVJUSUZJQ0FURS0tLS0tCk1JSURLekNDQWhPZ0F3SUJBZ0lSQU5qMlFWbEk4T2p4a2pUeVFKR1hCS3N3RFFZSktvWklodmNOQVFFTEJRQXcKTHpFdE1Dc0dBMVVFQXhNa09UUXhNamc1WkRFdE1ESTJZaTAwTldFekxUazFPVE10TjJNeE1XSmtNalJpT0RoagpNQjRYRFRJd01USXdPREl6TVRjME5sb1hEVEkxTVRJd09EQXdNVGMwTmxvd0x6RXRNQ3NHQTFVRUF4TWtPVFF4Ck1qZzVaREV0TURJMllpMDBOV0V6TFRrMU9UTXROMk14TVdKa01qUmlPRGhqTUlJQklqQU5CZ2txaGtpRzl3MEIKQVFFRkFBT0NBUThBTUlJQkNnS0NBUUVBd3V1ZzFtbG5xVnRhb0J2WHBGOUM5bmVBNHFXSlc1N0NXNHpBQVJpYwo1Vm9YYzFBZWpkZkZCcDhBT243R1kzeVNEcmMxY1pIN0wraEpkVS9kcStiOStPRFl5N3QrUXkrR05adE13QnlFCnRoS1NoRXZ6dDdmMVVhcFV5YnQ4YmhRMFZxMkgvTHRzSWxCejQ1aXRIVFhpQ3dieE5XMXQ1QmJ1RGNLb2YyMjcKemsxZzVmUUZQdHluL0FWUkc1cDVucjhxRitibU81NFpyQk9CdFZCTUFZK0E3RCtKbk0zSWsyRUhmRisvRkZMeAp6czNrdUNLUE5GT3BxWWwvZFkvQzZSM2VrUUtHZ2NGUngycFpkSHdwcU9GSytlLzU5MFZxdjF6K04wVmc0ZEdoCi8zRDZZYkpVT0tiNDRRc1BZMGpTZ0UxdVVUKy9qUWlDRW5XQzlEaS9kem5vb3dJREFRQUJvMEl3UURBT0JnTlYKSFE4QkFmOEVCQU1DQWdRd0R3WURWUjBUQVFIL0JBVXdBd0VCL3pBZEJnTlZIUTRFRmdRVXB2RWhtNnpmRmpRTwovZ2g2MWo3K1NkS1V0dHd3RFFZSktvWklodmNOQVFFTEJRQURnZ0VCQUIxaWU3SkhjMzJ5SDFCUVBmeTVIM1dnClhDYUpXdmdVRWFKWDZFY1RhNUp4RTRiblJwd1NaZENkVDR3QmxGSVpOTVVNdi90UnFwWWkzdnVtU200c2lJM0UKZlRnRmdoYi9nVEE0THEwKzlvaXdNWmJlMVBEVENVK1hRVFkrT3R3UGlIbW9yVGtMT0ZLblZNYVFRY1JFdURodwpmT1R1RWZnQmh3N2hRTk1xUFY5cWtQd3dZaGpub2NGV2xkRVovWWNHVlYyaWdLVEpienJ1MEJERDlrOXZoV3N1Cks4YzFHNmY4WmRRa0IyN0J6N3ZOUEplRkduRHdZYlc4SkRQTWdQSXB2WW1lUkRZM0d4WCtXamgxQUp3WXZpRXgKbDllNTdsbER0YklwdEp2OEdCWWFsTnVVa0FjSnNFRkRUTnJvRUdLQktMVk5vK3RoTDZrSi8xdE5pVWUvYzBvPQotLS0tLUVORCBDRVJUSUZJQ0FURS0tLS0tCg==",
                "password": "",
                "username": ""
              }
            ],
            "master_authorized_networks_config": [],
            "master_version": "1.16.15-gke.4300",
            "min_master_version": null,
            "monitoring_service": "monitoring.googleapis.com/kubernetes",
            "name": "rlt-test-k8s",
            "network": "projects/silken-network-252121/global/networks/default",
            "network_policy": [
              {
                "enabled": false,
                "provider": "PROVIDER_UNSPECIFIED"
              }
            ],
            "node_config": [
              {
                "disk_size_gb": 50,
                "disk_type": "pd-standard",
                "guest_accelerator": [],
                "image_type": "COS",
                "labels": {
                  "env": "prod"
                },
                "local_ssd_count": 0,
                "machine_type": "n1-standard-2",
                "metadata": {
                  "disable-legacy-endpoints": "true"
                },
                "min_cpu_platform": "",
                "oauth_scopes": [
                  "https://www.googleapis.com/auth/compute",
                  "https://www.googleapis.com/auth/devstorage.read_only",
                  "https://www.googleapis.com/auth/logging.write",
                  "https://www.googleapis.com/auth/monitoring",
                  "https://www.googleapis.com/auth/service.management.readonly",
                  "https://www.googleapis.com/auth/servicecontrol",
                  "https://www.googleapis.com/auth/trace.append"
                ],
                "preemptible": false,
                "service_account": "default",
                "shielded_instance_config": [
                  {
                    "enable_integrity_monitoring": true,
                    "enable_secure_boot": false
                  }
                ],
                "tags": [],
                "taint": [],
                "workload_metadata_config": []
              }
            ],
            "node_locations": [
              "us-central1-a",
              "us-central1-b",
              "us-central1-f"
            ],
            "node_pool": [
              {
                "autoscaling": [
                  {
                    "max_node_count": 2,
                    "min_node_count": 1
                  }
                ],
                "initial_node_count": 2,
                "instance_group_urls": [
                  "https://www.googleapis.com/compute/v1/projects/silken-network-252121/zones/us-central1-a/instanceGroupManagers/gke-rlt-test-k8s-default-pool-fb91f768-grp",
                  "https://www.googleapis.com/compute/v1/projects/silken-network-252121/zones/us-central1-b/instanceGroupManagers/gke-rlt-test-k8s-default-pool-5def4d04-grp",
                  "https://www.googleapis.com/compute/v1/projects/silken-network-252121/zones/us-central1-f/instanceGroupManagers/gke-rlt-test-k8s-default-pool-4a135a16-grp"
                ],
                "management": [
                  {
                    "auto_repair": true,
                    "auto_upgrade": false
                  }
                ],
                "max_pods_per_node": 0,
                "name": "default-pool",
                "name_prefix": "",
                "node_config": [
                  {
                    "disk_size_gb": 50,
                    "disk_type": "pd-standard",
                    "guest_accelerator": [],
                    "image_type": "COS",
                    "labels": {
                      "env": "prod"
                    },
                    "local_ssd_count": 0,
                    "machine_type": "n1-standard-2",
                    "metadata": {
                      "disable-legacy-endpoints": "true"
                    },
                    "min_cpu_platform": "",
                    "oauth_scopes": [
                      "https://www.googleapis.com/auth/compute",
                      "https://www.googleapis.com/auth/devstorage.read_only",
                      "https://www.googleapis.com/auth/logging.write",
                      "https://www.googleapis.com/auth/monitoring",
                      "https://www.googleapis.com/auth/service.management.readonly",
                      "https://www.googleapis.com/auth/servicecontrol",
                      "https://www.googleapis.com/auth/trace.append"
                    ],
                    "preemptible": false,
                    "service_account": "default",
                    "shielded_instance_config": [
                      {
                        "enable_integrity_monitoring": true,
                        "enable_secure_boot": false
                      }
                    ],
                    "tags": null,
                    "taint": [],
                    "workload_metadata_config": []
                  }
                ],
                "node_count": 2,
                "node_locations": [
                  "us-central1-a",
                  "us-central1-b",
                  "us-central1-f"
                ],
                "upgrade_settings": [
                  {
                    "max_surge": 1,
                    "max_unavailable": 0
                  }
                ],
                "version": "1.16.15-gke.4300"
              }
            ],
            "node_version": "1.16.15-gke.4300",
            "operation": null,
            "pod_security_policy_config": [],
            "private_cluster_config": [],
            "project": "silken-network-252121",
            "release_channel": [
              {
                "channel": "UNSPECIFIED"
              }
            ],
            "remove_default_node_pool": null,
            "resource_labels": null,
            "resource_usage_export_config": [],
            "self_link": "https://container.googleapis.com/v1beta1/projects/silken-network-252121/locations/us-central1/clusters/rlt-test-k8s",
            "services_ipv4_cidr": "10.11.240.0/20",
            "subnetwork": "projects/silken-network-252121/regions/us-central1/subnetworks/default",
            "timeouts": null,
            "vertical_pod_autoscaling": [],
            "workload_identity_config": []
          },
          "private": "eyJlMmJmYjczMC1lY2FhLTExZTYtOGY4OC0zNDM2M2JjN2M0YzAiOnsiY3JlYXRlIjoyNDAwMDAwMDAwMDAwLCJkZWxldGUiOjI0MDAwMDAwMDAwMDAsInJlYWQiOjI0MDAwMDAwMDAwMDAsInVwZGF0ZSI6MzYwMDAwMDAwMDAwMH0sInNjaGVtYV92ZXJzaW9uIjoiMSJ9"
        }
      ]
    }
  ]
}
